
Microsoft Visual Studio Solution File, Format Version 12.00
# Visual Studio Version 17
VisualStudioVersion = 17.10.35027.167
MinimumVisualStudioVersion = 10.0.40219.1
Project("{9A19103F-16F7-4668-BE54-9A1E7A4F7556}") = "EscPosSharp", "EscPosSharp\EscPosSharp.csproj", "{0DB07A63-A8E1-4F29-BC4C-33D9BAE131CA}"
EndProject
Project("{9A19103F-16F7-4668-BE54-9A1E7A4F7556}") = "EscPosSharp.Test", "EscPosSharp.Test\EscPosSharp.Test.csproj", "{267C5783-37CA-4ADB-BEB8-F0D0DA9AC659}"
EndProject
Global
	GlobalSection(SolutionConfigurationPlatforms) = preSolution
		Debug|Any CPU = Debug|Any CPU
		Release|Any CPU = Release|Any CPU
	EndGlobalSection
	GlobalSection(ProjectConfigurationPlatforms) = postSolution
		{0DB07A63-A8E1-4F29-BC4C-33D9BAE131CA}.Debug|Any CPU.ActiveCfg = Debug|Any CPU
		{0DB07A63-A8E1-4F29-BC4C-33D9BAE131CA}.Debug|Any CPU.Build.0 = Debug|Any CPU
		{0DB07A63-A8E1-4F29-BC4C-33D9BAE131CA}.Release|Any CPU.ActiveCfg = Release|Any CPU
		{0DB07A63-A8E1-4F29-BC4C-33D9BAE131CA}.Release|Any CPU.Build.0 = Release|Any CPU
		{267C5783-37CA-4ADB-BEB8-F0D0DA9AC659}.Debug|Any CPU.ActiveCfg = Debug|Any CPU
		{267C5783-37CA-4ADB-BEB8-F0D0DA9AC659}.Debug|Any CPU.Build.0 = Debug|Any CPU
		{267C5783-37CA-4ADB-BEB8-F0D0DA9AC659}.Release|Any CPU.ActiveCfg = Release|Any CPU
		{267C5783-37CA-4ADB-BEB8-F0D0DA9AC659}.Release|Any CPU.Build.0 = Release|Any CPU
	EndGlobalSection
	GlobalSection(SolutionProperties) = preSolution
		HideSolutionNode = FALSE
	EndGlobalSection
	GlobalSection(ExtensibilityGlobals) = postSolution
		SolutionGuid = {261F1609-64AD-436B-BCA5-284D902A08C7}
	EndGlobalSection
EndGlobal
